
Microsoft Visual Studio Solution File, Format Version 12.00
# Visual Studio Version 16
VisualStudioVersion = 16.0.31624.102
MinimumVisualStudioVersion = 10.0.40219.1
Project("{FAE04EC0-301F-11D3-BF4B-00C04F79EFBC}") = "ClassISBN", "ClassISBN\ClassISBN.csproj", "{E28CA5BA-E08E-4658-8520-765945B3F26E}"
EndProject
Project("{FAE04EC0-301F-11D3-BF4B-00C04F79EFBC}") = "TestProjectISBN", "TestProjectISBN\TestProjectISBN.csproj", "{1F8D841F-2617-48A9-8C64-82F53D1CAC56}"
EndProject
Global
	GlobalSection(SolutionConfigurationPlatforms) = preSolution
		Debug|Any CPU = Debug|Any CPU
		Release|Any CPU = Release|Any CPU
	EndGlobalSection
	GlobalSection(ProjectConfigurationPlatforms) = postSolution
		{E28CA5BA-E08E-4658-8520-765945B3F26E}.Debug|Any CPU.ActiveCfg = Debug|Any CPU
		{E28CA5BA-E08E-4658-8520-765945B3F26E}.Debug|Any CPU.Build.0 = Debug|Any CPU
		{E28CA5BA-E08E-4658-8520-765945B3F26E}.Release|Any CPU.ActiveCfg = Release|Any CPU
		{E28CA5BA-E08E-4658-8520-765945B3F26E}.Release|Any CPU.Build.0 = Release|Any CPU
		{1F8D841F-2617-48A9-8C64-82F53D1CAC56}.Debug|Any CPU.ActiveCfg = Debug|Any CPU
		{1F8D841F-2617-48A9-8C64-82F53D1CAC56}.Debug|Any CPU.Build.0 = Debug|Any CPU
		{1F8D841F-2617-48A9-8C64-82F53D1CAC56}.Release|Any CPU.ActiveCfg = Release|Any CPU
		{1F8D841F-2617-48A9-8C64-82F53D1CAC56}.Release|Any CPU.Build.0 = Release|Any CPU
	EndGlobalSection
	GlobalSection(SolutionProperties) = preSolution
		HideSolutionNode = FALSE
	EndGlobalSection
	GlobalSection(ExtensibilityGlobals) = postSolution
		SolutionGuid = {069ED5A5-704D-4EC3-B636-29F1E99130F5}
	EndGlobalSection
EndGlobal
